// !$*UTF8*$!
{
	archiveVersion = 1;
	classes = {
	};
	objectVersion = 48;
	objects = {

/* Begin PBXBuildFile section */
		9AE1A6AB1FD446E500689C4A /* AppDelegate.swift in Sources */ = {isa = PBXBuildFile; fileRef = 9AE1A6AA1FD446E500689C4A /* AppDelegate.swift */; };
		9AE1A6AD1FD446E500689C4A /* ViewController.swift in Sources */ = {isa = PBXBuildFile; fileRef = 9AE1A6AC1FD446E500689C4A /* ViewController.swift */; };
		9AE1A6B01FD446E500689C4A /* Main.storyboard in Resources */ = {isa = PBXBuildFile; fileRef = 9AE1A6AE1FD446E500689C4A /* Main.storyboard */; };
		9AE1A6B21FD446E500689C4A /* Assets.xcassets in Resources */ = {isa = PBXBuildFile; fileRef = 9AE1A6B11FD446E500689C4A /* Assets.xcassets */; };
		9AE1A6B51FD446E500689C4A /* LaunchScreen.storyboard in Resources */ = {isa = PBXBuildFile; fileRef = 9AE1A6B31FD446E500689C4A /* LaunchScreen.storyboard */; };
		9AE1A6C01FD446E600689C4A /* CodableJsonTests.swift in Sources */ = {isa = PBXBuildFile; fileRef = 9AE1A6BF1FD446E600689C4A /* CodableJsonTests.swift */; };
		9AE1A6CB1FD446E600689C4A /* CodableJsonUITests.swift in Sources */ = {isa = PBXBuildFile; fileRef = 9AE1A6CA1FD446E600689C4A /* CodableJsonUITests.swift */; };
		9AE1A6D91FD448AA00689C4A /* Writer.swift in Sources */ = {isa = PBXBuildFile; fileRef = 9AE1A6D81FD448AA00689C4A /* Writer.swift */; };
		9AE1A6DB1FD45C2700689C4A /* ComplexWriter.swift in Sources */ = {isa = PBXBuildFile; fileRef = 9AE1A6DA1FD45C2700689C4A /* ComplexWriter.swift */; };
		9AE1A6DD1FDEE7AD00689C4A /* MockDataProvider.swift in Sources */ = {isa = PBXBuildFile; fileRef = 9AE1A6DC1FDEE7AC00689C4A /* MockDataProvider.swift */; };
/* End PBXBuildFile section */

/* Begin PBXContainerItemProxy section */
		9AE1A6BC1FD446E600689C4A /* PBXContainerItemProxy */ = {
			isa = PBXContainerItemProxy;
			containerPortal = 9AE1A69F1FD446E500689C4A /* Project object */;
			proxyType = 1;
			remoteGlobalIDString = 9AE1A6A61FD446E500689C4A;
			remoteInfo = CodableJson;
		};
		9AE1A6C71FD446E600689C4A /* PBXContainerItemProxy */ = {
			isa = PBXContainerItemProxy;
			containerPortal = 9AE1A69F1FD446E500689C4A /* Project object */;
			proxyType = 1;
			remoteGlobalIDString = 9AE1A6A61FD446E500689C4A;
			remoteInfo = CodableJson;
		};
/* End PBXContainerItemProxy section */

/* Begin PBXFileReference section */
		9AE1A6A71FD446E500689C4A /* CodableJson.app */ = {isa = PBXFileReference; explicitFileType = wrapper.application; includeInIndex = 0; path = CodableJson.app; sourceTree = BUILT_PRODUCTS_DIR; };
		9AE1A6AA1FD446E500689C4A /* AppDelegate.swift */ = {isa = PBXFileReference; lastKnownFileType = sourcecode.swift; path = AppDelegate.swift; sourceTree = "<group>"; };
		9AE1A6AC1FD446E500689C4A /* ViewController.swift */ = {isa = PBXFileReference; lastKnownFileType = sourcecode.swift; path = ViewController.swift; sourceTree = "<group>"; };
		9AE1A6AF1FD446E500689C4A /* Base */ = {isa = PBXFileReference; lastKnownFileType = file.storyboard; name = Base; path = Base.lproj/Main.storyboard; sourceTree = "<group>"; };
		9AE1A6B11FD446E500689C4A /* Assets.xcassets */ = {isa = PBXFileReference; lastKnownFileType = folder.assetcatalog; path = Assets.xcassets; sourceTree = "<group>"; };
		9AE1A6B41FD446E500689C4A /* Base */ = {isa = PBXFileReference; lastKnownFileType = file.storyboard; name = Base; path = Base.lproj/LaunchScreen.storyboard; sourceTree = "<group>"; };
		9AE1A6B61FD446E500689C4A /* Info.plist */ = {isa = PBXFileReference; lastKnownFileType = text.plist.xml; path = Info.plist; sourceTree = "<group>"; };
		9AE1A6BB1FD446E600689C4A /* CodableJsonTests.xctest */ = {isa = PBXFileReference; explicitFileType = wrapper.cfbundle; includeInIndex = 0; path = CodableJsonTests.xctest; sourceTree = BUILT_PRODUCTS_DIR; };
		9AE1A6BF1FD446E600689C4A /* CodableJsonTests.swift */ = {isa = PBXFileReference; lastKnownFileType = sourcecode.swift; path = CodableJsonTests.swift; sourceTree = "<group>"; };
		9AE1A6C11FD446E600689C4A /* Info.plist */ = {isa = PBXFileReference; lastKnownFileType = text.plist.xml; path = Info.plist; sourceTree = "<group>"; };
		9AE1A6C61FD446E600689C4A /* CodableJsonUITests.xctest */ = {isa = PBXFileReference; explicitFileType = wrapper.cfbundle; includeInIndex = 0; path = CodableJsonUITests.xctest; sourceTree = BUILT_PRODUCTS_DIR; };
		9AE1A6CA1FD446E600689C4A /* CodableJsonUITests.swift */ = {isa = PBXFileReference; lastKnownFileType = sourcecode.swift; path = CodableJsonUITests.swift; sourceTree = "<group>"; };
		9AE1A6CC1FD446E600689C4A /* Info.plist */ = {isa = PBXFileReference; lastKnownFileType = text.plist.xml; path = Info.plist; sourceTree = "<group>"; };
		9AE1A6D81FD448AA00689C4A /* Writer.swift */ = {isa = PBXFileReference; lastKnownFileType = sourcecode.swift; path = Writer.swift; sourceTree = "<group>"; };
		9AE1A6DA1FD45C2700689C4A /* ComplexWriter.swift */ = {isa = PBXFileReference; lastKnownFileType = sourcecode.swift; path = ComplexWriter.swift; sourceTree = "<group>"; };
		9AE1A6DC1FDEE7AC00689C4A /* MockDataProvider.swift */ = {isa = PBXFileReference; lastKnownFileType = sourcecode.swift; path = MockDataProvider.swift; sourceTree = "<group>"; };
/* End PBXFileReference section */

/* Begin PBXFrameworksBuildPhase section */
		9AE1A6A41FD446E500689C4A /* Frameworks */ = {
			isa = PBXFrameworksBuildPhase;
			buildActionMask = 2147483647;
			files = (
			);
			runOnlyForDeploymentPostprocessing = 0;
		};
		9AE1A6B81FD446E600689C4A /* Frameworks */ = {
			isa = PBXFrameworksBuildPhase;
			buildActionMask = 2147483647;
			files = (
			);
			runOnlyForDeploymentPostprocessing = 0;
		};
		9AE1A6C31FD446E600689C4A /* Frameworks */ = {
			isa = PBXFrameworksBuildPhase;
			buildActionMask = 2147483647;
			files = (
			);
			runOnlyForDeploymentPostprocessing = 0;
		};
/* End PBXFrameworksBuildPhase section */

/* Begin PBXGroup section */
		9AE1A69E1FD446E500689C4A = {
			isa = PBXGroup;
			children = (
				9AE1A6A91FD446E500689C4A /* CodableJson */,
				9AE1A6BE1FD446E600689C4A /* CodableJsonTests */,
				9AE1A6C91FD446E600689C4A /* CodableJsonUITests */,
				9AE1A6A81FD446E500689C4A /* Products */,
			);
			sourceTree = "<group>";
		};
		9AE1A6A81FD446E500689C4A /* Products */ = {
			isa = PBXGroup;
			children = (
				9AE1A6A71FD446E500689C4A /* CodableJson.app */,
				9AE1A6BB1FD446E600689C4A /* CodableJsonTests.xctest */,
				9AE1A6C61FD446E600689C4A /* CodableJsonUITests.xctest */,
			);
			name = Products;
			sourceTree = "<group>";
		};
		9AE1A6A91FD446E500689C4A /* CodableJson */ = {
			isa = PBXGroup;
			children = (
				9AE1A6AA1FD446E500689C4A /* AppDelegate.swift */,
				9AE1A6AC1FD446E500689C4A /* ViewController.swift */,
				9AE1A6AE1FD446E500689C4A /* Main.storyboard */,
				9AE1A6B11FD446E500689C4A /* Assets.xcassets */,
				9AE1A6B31FD446E500689C4A /* LaunchScreen.storyboard */,
				9AE1A6B61FD446E500689C4A /* Info.plist */,
				9AE1A6DA1FD45C2700689C4A /* ComplexWriter.swift */,
				9AE1A6D81FD448AA00689C4A /* Writer.swift */,
				9AE1A6DC1FDEE7AC00689C4A /* MockDataProvider.swift */,
			);
			path = CodableJson;
			sourceTree = "<group>";
		};
		9AE1A6BE1FD446E600689C4A /* CodableJsonTests */ = {
			isa = PBXGroup;
			children = (
				9AE1A6BF1FD446E600689C4A /* CodableJsonTests.swift */,
				9AE1A6C11FD446E600689C4A /* Info.plist */,
			);
			path = CodableJsonTests;
			sourceTree = "<group>";
		};
		9AE1A6C91FD446E600689C4A /* CodableJsonUITests */ = {
			isa = PBXGroup;
			children = (
				9AE1A6CA1FD446E600689C4A /* CodableJsonUITests.swift */,
				9AE1A6CC1FD446E600689C4A /* Info.plist */,
			);
			path = CodableJsonUITests;
			sourceTree = "<group>";
		};
/* End PBXGroup section */

/* Begin PBXNativeTarget section */
		9AE1A6A61FD446E500689C4A /* CodableJson */ = {
			isa = PBXNativeTarget;
			buildConfigurationList = 9AE1A6CF1FD446E600689C4A /* Build configuration list for PBXNativeTarget "CodableJson" */;
			buildPhases = (
				9AE1A6A31FD446E500689C4A /* Sources */,
				9AE1A6A41FD446E500689C4A /* Frameworks */,
				9AE1A6A51FD446E500689C4A /* Resources */,
			);
			buildRules = (
			);
			dependencies = (
			);
			name = CodableJson;
			productName = CodableJson;
			productReference = 9AE1A6A71FD446E500689C4A /* CodableJson.app */;
			productType = "com.apple.product-type.application";
		};
		9AE1A6BA1FD446E600689C4A /* CodableJsonTests */ = {
			isa = PBXNativeTarget;
			buildConfigurationList = 9AE1A6D21FD446E600689C4A /* Build configuration list for PBXNativeTarget "CodableJsonTests" */;
			buildPhases = (
				9AE1A6B71FD446E600689C4A /* Sources */,
				9AE1A6B81FD446E600689C4A /* Frameworks */,
				9AE1A6B91FD446E600689C4A /* Resources */,
			);
			buildRules = (
			);
			dependencies = (
				9AE1A6BD1FD446E600689C4A /* PBXTargetDependency */,
			);
			name = CodableJsonTests;
			productName = CodableJsonTests;
			productReference = 9AE1A6BB1FD446E600689C4A /* CodableJsonTests.xctest */;
			productType = "com.apple.product-type.bundle.unit-test";
		};
		9AE1A6C51FD446E600689C4A /* CodableJsonUITests */ = {
			isa = PBXNativeTarget;
			buildConfigurationList = 9AE1A6D51FD446E600689C4A /* Build configuration list for PBXNativeTarget "CodableJsonUITests" */;
			buildPhases = (
				9AE1A6C21FD446E600689C4A /* Sources */,
				9AE1A6C31FD446E600689C4A /* Frameworks */,
				9AE1A6C41FD446E600689C4A /* Resources */,
			);
			buildRules = (
			);
			dependencies = (
				9AE1A6C81FD446E600689C4A /* PBXTargetDependency */,
			);
			name = CodableJsonUITests;
			productName = CodableJsonUITests;
			productReference = 9AE1A6C61FD446E600689C4A /* CodableJsonUITests.xctest */;
			productType = "com.apple.product-type.bundle.ui-testing";
		};
/* End PBXNativeTarget section */

/* Begin PBXProject section */
		9AE1A69F1FD446E500689C4A /* Project object */ = {
			isa = PBXProject;
			attributes = {
				LastSwiftUpdateCheck = 0910;
				LastUpgradeCheck = 0910;
				ORGANIZATIONNAME = ZippiCoder;
				TargetAttributes = {
					9AE1A6A61FD446E500689C4A = {
						CreatedOnToolsVersion = 9.1;
						ProvisioningStyle = Manual;
					};
					9AE1A6BA1FD446E600689C4A = {
						CreatedOnToolsVersion = 9.1;
						ProvisioningStyle = Automatic;
						TestTargetID = 9AE1A6A61FD446E500689C4A;
					};
					9AE1A6C51FD446E600689C4A = {
						CreatedOnToolsVersion = 9.1;
						ProvisioningStyle = Automatic;
						TestTargetID = 9AE1A6A61FD446E500689C4A;
					};
				};
			};
			buildConfigurationList = 9AE1A6A21FD446E500689C4A /* Build configuration list for PBXProject "CodableJson" */;
			compatibilityVersion = "Xcode 8.0";
			developmentRegion = en;
			hasScannedForEncodings = 0;
			knownRegions = (
				en,
				Base,
			);
			mainGroup = 9AE1A69E1FD446E500689C4A;
			productRefGroup = 9AE1A6A81FD446E500689C4A /* Products */;
			projectDirPath = "";
			projectRoot = "";
			targets = (
				9AE1A6A61FD446E500689C4A /* CodableJson */,
				9AE1A6BA1FD446E600689C4A /* CodableJsonTests */,
				9AE1A6C51FD446E600689C4A /* CodableJsonUITests */,
			);
		};
/* End PBXProject section */

/* Begin PBXResourcesBuildPhase section */
		9AE1A6A51FD446E500689C4A /* Resources */ = {
			isa = PBXResourcesBuildPhase;
			buildActionMask = 2147483647;
			files = (
				9AE1A6B51FD446E500689C4A /* LaunchScreen.storyboard in Resources */,
				9AE1A6B21FD446E500689C4A /* Assets.xcassets in Resources */,
				9AE1A6B01FD446E500689C4A /* Main.storyboard in Resources */,
			);
			runOnlyForDeploymentPostprocessing = 0;
		};
		9AE1A6B91FD446E600689C4A /* Resources */ = {
			isa = PBXResourcesBuildPhase;
			buildActionMask = 2147483647;
			files = (
			);
			runOnlyForDeploymentPostprocessing = 0;
		};
		9AE1A6C41FD446E600689C4A /* Resources */ = {
			isa = PBXResourcesBuildPhase;
			buildActionMask = 2147483647;
			files = (
			);
			runOnlyForDeploymentPostprocessing = 0;
		};
/* End PBXResourcesBuildPhase section */

/* Begin PBXSourcesBuildPhase section */
		9AE1A6A31FD446E500689C4A /* Sources */ = {
			isa = PBXSourcesBuildPhase;
			buildActionMask = 2147483647;
			files = (
				9AE1A6AD1FD446E500689C4A /* ViewController.swift in Sources */,
				9AE1A6DB1FD45C2700689C4A /* ComplexWriter.swift in Sources */,
				9AE1A6DD1FDEE7AD00689C4A /* MockDataProvider.swift in Sources */,
				9AE1A6D91FD448AA00689C4A /* Writer.swift in Sources */,
				9AE1A6AB1FD446E500689C4A /* AppDelegate.swift in Sources */,
			);
			runOnlyForDeploymentPostprocessing = 0;
		};
		9AE1A6B71FD446E600689C4A /* Sources */ = {
			isa = PBXSourcesBuildPhase;
			buildActionMask = 2147483647;
			files = (
				9AE1A6C01FD446E600689C4A /* CodableJsonTests.swift in Sources */,
			);
			runOnlyForDeploymentPostprocessing = 0;
		};
		9AE1A6C21FD446E600689C4A /* Sources */ = {
			isa = PBXSourcesBuildPhase;
			buildActionMask = 2147483647;
			files = (
				9AE1A6CB1FD446E600689C4A /* CodableJsonUITests.swift in Sources */,
			);
			runOnlyForDeploymentPostprocessing = 0;
		};
/* End PBXSourcesBuildPhase section */

/* Begin PBXTargetDependency section */
		9AE1A6BD1FD446E600689C4A /* PBXTargetDependency */ = {
			isa = PBXTargetDependency;
			target = 9AE1A6A61FD446E500689C4A /* CodableJson */;
			targetProxy = 9AE1A6BC1FD446E600689C4A /* PBXContainerItemProxy */;
		};
		9AE1A6C81FD446E600689C4A /* PBXTargetDependency */ = {
			isa = PBXTargetDependency;
			target = 9AE1A6A61FD446E500689C4A /* CodableJson */;
			targetProxy = 9AE1A6C71FD446E600689C4A /* PBXContainerItemProxy */;
		};
/* End PBXTargetDependency section */

/* Begin PBXVariantGroup section */
		9AE1A6AE1FD446E500689C4A /* Main.storyboard */ = {
			isa = PBXVariantGroup;
			children = (
				9AE1A6AF1FD446E500689C4A /* Base */,
			);
			name = Main.storyboard;
			sourceTree = "<group>";
		};
		9AE1A6B31FD446E500689C4A /* LaunchScreen.storyboard */ = {
			isa = PBXVariantGroup;
			children = (
				9AE1A6B41FD446E500689C4A /* Base */,
			);
			name = LaunchScreen.storyboard;
			sourceTree = "<group>";
		};
/* End PBXVariantGroup section */

/* Begin XCBuildConfiguration section */
		9AE1A6CD1FD446E600689C4A /* Debug */ = {
			isa = XCBuildConfiguration;
			buildSettings = {
				ALWAYS_SEARCH_USER_PATHS = NO;
				CLANG_ANALYZER_NONNULL = YES;
				CLANG_ANALYZER_NUMBER_OBJECT_CONVERSION = YES_AGGRESSIVE;
				CLANG_CXX_LANGUAGE_STANDARD = "gnu++14";
				CLANG_CXX_LIBRARY = "libc++";
				CLANG_ENABLE_MODULES = YES;
				CLANG_ENABLE_OBJC_ARC = YES;
				CLANG_WARN_BLOCK_CAPTURE_AUTORELEASING = YES;
				CLANG_WARN_BOOL_CONVERSION = YES;
				CLANG_WARN_COMMA = YES;
				CLANG_WARN_CONSTANT_CONVERSION = YES;
				CLANG_WARN_DIRECT_OBJC_ISA_USAGE = YES_ERROR;
				CLANG_WARN_DOCUMENTATION_COMMENTS = YES;
				CLANG_WARN_EMPTY_BODY = YES;
				CLANG_WARN_ENUM_CONVERSION = YES;
				CLANG_WARN_INFINITE_RECURSION = YES;
				CLANG_WARN_INT_CONVERSION = YES;
				CLANG_WARN_NON_LITERAL_NULL_CONVERSION = YES;
				CLANG_WARN_OBJC_LITERAL_CONVERSION = YES;
				CLANG_WARN_OBJC_ROOT_CLASS = YES_ERROR;
				CLANG_WARN_RANGE_LOOP_ANALYSIS = YES;
				CLANG_WARN_STRICT_PROTOTYPES = YES;
				CLANG_WARN_SUSPICIOUS_MOVE = YES;
				CLANG_WARN_UNGUARDED_AVAILABILITY = YES_AGGRESSIVE;
				CLANG_WARN_UNREACHABLE_CODE = YES;
				CLANG_WARN__DUPLICATE_METHOD_MATCH = YES;
				CODE_SIGN_IDENTITY = "iPhone Developer";
				COPY_PHASE_STRIP = NO;
				DEBUG_INFORMATION_FORMAT = dwarf;
				ENABLE_STRICT_OBJC_MSGSEND = YES;
				ENABLE_TESTABILITY = YES;
				GCC_C_LANGUAGE_STANDARD = gnu11;
				GCC_DYNAMIC_NO_PIC = NO;
				GCC_NO_COMMON_BLOCKS = YES;
				GCC_OPTIMIZATION_LEVEL = 0;
				GCC_PREPROCESSOR_DEFINITIONS = (
					"DEBUG=1",
					"$(inherited)",
				);
				GCC_WARN_64_TO_32_BIT_CONVERSION = YES;
				GCC_WARN_ABOUT_RETURN_TYPE = YES_ERROR;
				GCC_WARN_UNDECLARED_SELECTOR = YES;
				GCC_WARN_UNINITIALIZED_AUTOS = YES_AGGRESSIVE;
				GCC_WARN_UNUSED_FUNCTION = YES;
				GCC_WARN_UNUSED_VARIABLE = YES;
				IPHONEOS_DEPLOYMENT_TARGET = 11.1;
				MTL_ENABLE_DEBUG_INFO = YES;
				ONLY_ACTIVE_ARCH = YES;
				SDKROOT = iphoneos;
				SWIFT_ACTIVE_COMPILATION_CONDITIONS = DEBUG;
				SWIFT_OPTIMIZATION_LEVEL = "-Onone";
			};
			name = Debug;
		};
		9AE1A6CE1FD446E600689C4A /* Release */ = {
			isa = XCBuildConfiguration;
			buildSettings = {
				ALWAYS_SEARCH_USER_PATHS = NO;
				CLANG_ANALYZER_NONNULL = YES;
				CLANG_ANALYZER_NUMBER_OBJECT_CONVERSION = YES_AGGRESSIVE;
				CLANG_CXX_LANGUAGE_STANDARD = "gnu++14";
				CLANG_CXX_LIBRARY = "libc++";
				CLANG_ENABLE_MODULES = YES;
				CLANG_ENABLE_OBJC_ARC = YES;
				CLANG_WARN_BLOCK_CAPTURE_AUTORELEASING = YES;
				CLANG_WARN_BOOL_CONVERSION = YES;
				CLANG_WARN_COMMA = YES;
				CLANG_WARN_CONSTANT_CONVERSION = YES;
				CLANG_WARN_DIRECT_OBJC_ISA_USAGE = YES_ERROR;
				CLANG_WARN_DOCUMENTATION_COMMENTS = YES;
				CLANG_WARN_EMPTY_BODY = YES;
				CLANG_WARN_ENUM_CONVERSION = YES;
				CLANG_WARN_INFINITE_RECURSION = YES;
				CLANG_WARN_INT_CONVERSION = YES;
				CLANG_WARN_NON_LITERAL_NULL_CONVERSION = YES;
				CLANG_WARN_OBJC_LITERAL_CONVERSION = YES;
				CLANG_WARN_OBJC_ROOT_CLASS = YES_ERROR;
				CLANG_WARN_RANGE_LOOP_ANALYSIS = YES;
				CLANG_WARN_STRICT_PROTOTYPES = YES;
				CLANG_WARN_SUSPICIOUS_MOVE = YES;
				CLANG_WARN_UNGUARDED_AVAILABILITY = YES_AGGRESSIVE;
				CLANG_WARN_UNREACHABLE_CODE = YES;
				CLANG_WARN__DUPLICATE_METHOD_MATCH = YES;
				CODE_SIGN_IDENTITY = "iPhone Developer";
				COPY_PHASE_STRIP = NO;
				DEBUG_INFORMATION_FORMAT = "dwarf-with-dsym";
				ENABLE_NS_ASSERTIONS = NO;
				ENABLE_STRICT_OBJC_MSGSEND = YES;
				GCC_C_LANGUAGE_STANDARD = gnu11;
				GCC_NO_COMMON_BLOCKS = YES;
				GCC_WARN_64_TO_32_BIT_CONVERSION = YES;
				GCC_WARN_ABOUT_RETURN_TYPE = YES_ERROR;
				GCC_WARN_UNDECLARED_SELECTOR = YES;
				GCC_WARN_UNINITIALIZED_AUTOS = YES_AGGRESSIVE;
				GCC_WARN_UNUSED_FUNCTION = YES;
				GCC_WARN_UNUSED_VARIABLE = YES;
				IPHONEOS_DEPLOYMENT_TARGET = 11.1;
				MTL_ENABLE_DEBUG_INFO = NO;
				SDKROOT = iphoneos;
				SWIFT_OPTIMIZATION_LEVEL = "-Owholemodule";
				VALIDATE_PRODUCT = YES;
			};
			name = Release;
		};
		9AE1A6D01FD446E600689C4A /* Debug */ = {
			isa = XCBuildConfiguration;
			buildSettings = {
				ASSETCATALOG_COMPILER_APPICON_NAME = AppIcon;
				"CODE_SIGN_IDENTITY[sdk=iphoneos*]" = "iPhone Developer";
				CODE_SIGN_STYLE = Manual;
				DEVELOPMENT_TEAM = "";
				GCC_OPTIMIZATION_LEVEL = fast;
				INFOPLIST_FILE = CodableJson/Info.plist;
				IPHONEOS_DEPLOYMENT_TARGET = 10.0;
				LD_RUNPATH_SEARCH_PATHS = "$(inherited) @executable_path/Frameworks";
				PRODUCT_BUNDLE_IDENTIFIER = com.codable;
				PRODUCT_NAME = "$(TARGET_NAME)";
				PROVISIONING_PROFILE = "";
				PROVISIONING_PROFILE_SPECIFIER = "";
				SWIFT_VERSION = 4.0;
				TARGETED_DEVICE_FAMILY = "1,2";
			};
			name = Debug;
		};
		9AE1A6D11FD446E600689C4A /* Release */ = {
			isa = XCBuildConfiguration;
			buildSettings = {
				ASSETCATALOG_COMPILER_APPICON_NAME = AppIcon;
				"CODE_SIGN_IDENTITY[sdk=iphoneos*]" = "iPhone Developer";
				CODE_SIGN_STYLE = Manual;
				DEVELOPMENT_TEAM = "";
				GCC_OPTIMIZATION_LEVEL = fast;
				INFOPLIST_FILE = CodableJson/Info.plist;
				IPHONEOS_DEPLOYMENT_TARGET = 10.0;
				LD_RUNPATH_SEARCH_PATHS = "$(inherited) @executable_path/Frameworks";
				PRODUCT_BUNDLE_IDENTIFIER = com.codable;
				PRODUCT_NAME = "$(TARGET_NAME)";
				PROVISIONING_PROFILE = "";
				PROVISIONING_PROFILE_SPECIFIER = "";
				SWIFT_VERSION = 4.0;
				TARGETED_DEVICE_FAMILY = "1,2";
			};
			name = Release;
		};
		9AE1A6D31FD446E600689C4A /* Debug */ = {
			isa = XCBuildConfiguration;
			buildSettings = {
				ALWAYS_EMBED_SWIFT_STANDARD_LIBRARIES = YES;
				BUNDLE_LOADER = "$(TEST_HOST)";
				CODE_SIGN_STYLE = Automatic;
				INFOPLIST_FILE = CodableJsonTests/Info.plist;
				LD_RUNPATH_SEARCH_PATHS = "$(inherited) @executable_path/Frameworks @loader_path/Frameworks";
				PRODUCT_BUNDLE_IDENTIFIER = com.codableJson.CodableJsonTests;
				PRODUCT_NAME = "$(TARGET_NAME)";
				SWIFT_VERSION = 4.0;
				TARGETED_DEVICE_FAMILY = "1,2";
				TEST_HOST = "$(BUILT_PRODUCTS_DIR)/CodableJson.app/CodableJson";
			};
			name = Debug;
		};
		9AE1A6D41FD446E600689C4A /* Release */ = {
			isa = XCBuildConfiguration;
			buildSettings = {
				ALWAYS_EMBED_SWIFT_STANDARD_LIBRARIES = YES;
				BUNDLE_LOADER = "$(TEST_HOST)";
				CODE_SIGN_STYLE = Automatic;
				INFOPLIST_FILE = CodableJsonTests/Info.plist;
				LD_RUNPATH_SEARCH_PATHS = "$(inherited) @executable_path/Frameworks @loader_path/Frameworks";
				PRODUCT_BUNDLE_IDENTIFIER = com.codableJson.CodableJsonTests;
				PRODUCT_NAME = "$(TARGET_NAME)";
				SWIFT_VERSION = 4.0;
				TARGETED_DEVICE_FAMILY = "1,2";
				TEST_HOST = "$(BUILT_PRODUCTS_DIR)/CodableJson.app/CodableJson";
			};
			name = Release;
		};
		9AE1A6D61FD446E600689C4A /* Debug */ = {
			isa = XCBuildConfiguration;
			buildSettings = {
				ALWAYS_EMBED_SWIFT_STANDARD_LIBRARIES = YES;
				CODE_SIGN_STYLE = Automatic;
				INFOPLIST_FILE = CodableJsonUITests/Info.plist;
				LD_RUNPATH_SEARCH_PATHS = "$(inherited) @executable_path/Frameworks @loader_path/Frameworks";
				PRODUCT_BUNDLE_IDENTIFIER = com.codableJson.CodableJsonUITests;
				PRODUCT_NAME = "$(TARGET_NAME)";
				SWIFT_VERSION = 4.0;
				TARGETED_DEVICE_FAMILY = "1,2";
				TEST_TARGET_NAME = CodableJson;
			};
			name = Debug;
		};
		9AE1A6D71FD446E600689C4A /* Release */ = {
			isa = XCBuildConfiguration;
			buildSettings = {
				ALWAYS_EMBED_SWIFT_STANDARD_LIBRARIES = YES;
				CODE_SIGN_STYLE = Automatic;
				INFOPLIST_FILE = CodableJsonUITests/Info.plist;
				LD_RUNPATH_SEARCH_PATHS = "$(inherited) @executable_path/Frameworks @loader_path/Frameworks";
				PRODUCT_BUNDLE_IDENTIFIER = com.codableJson.CodableJsonUITests;
				PRODUCT_NAME = "$(TARGET_NAME)";
				SWIFT_VERSION = 4.0;
				TARGETED_DEVICE_FAMILY = "1,2";
				TEST_TARGET_NAME = CodableJson;
			};
			name = Release;
		};
/* End XCBuildConfiguration section */

/* Begin XCConfigurationList section */
		9AE1A6A21FD446E500689C4A /* Build configuration list for PBXProject "CodableJson" */ = {
			isa = XCConfigurationList;
			buildConfigurations = (
				9AE1A6CD1FD446E600689C4A /* Debug */,
				9AE1A6CE1FD446E600689C4A /* Release */,
			);
			defaultConfigurationIsVisible = 0;
			defaultConfigurationName = Release;
		};
		9AE1A6CF1FD446E600689C4A /* Build configuration list for PBXNativeTarget "CodableJson" */ = {
			isa = XCConfigurationList;
			buildConfigurations = (
				9AE1A6D01FD446E600689C4A /* Debug */,
				9AE1A6D11FD446E600689C4A /* Release */,
			);
			defaultConfigurationIsVisible = 0;
			defaultConfigurationName = Release;
		};
		9AE1A6D21FD446E600689C4A /* Build configuration list for PBXNativeTarget "CodableJsonTests" */ = {
			isa = XCConfigurationList;
			buildConfigurations = (
				9AE1A6D31FD446E600689C4A /* Debug */,
				9AE1A6D41FD446E600689C4A /* Release */,
			);
			defaultConfigurationIsVisible = 0;
			defaultConfigurationName = Release;
		};
		9AE1A6D51FD446E600689C4A /* Build configuration list for PBXNativeTarget "CodableJsonUITests" */ = {
			isa = XCConfigurationList;
			buildConfigurations = (
				9AE1A6D61FD446E600689C4A /* Debug */,
				9AE1A6D71FD446E600689C4A /* Release */,
			);
			defaultConfigurationIsVisible = 0;
			defaultConfigurationName = Release;
		};
/* End XCConfigurationList section */
	};
	rootObject = 9AE1A69F1FD446E500689C4A /* Project object */;
}
